<?xml version="1.0" encoding="utf-8"?>
<Project ToolsVersion="4.0" xmlns="http://schemas.microsoft.com/developer/msbuild/2003">
  <ItemGroup>
    <Filter Include="Source Files">
      <UniqueIdentifier>{4FC737F1-C7A5-4376-A066-2A32D752A2FF}</UniqueIdentifier>
      <Extensions>cpp;c;cc;cxx;c++;cppm;ixx;def;odl;idl;hpj;bat;asm;asmx</Extensions>
    </Filter>
    <Filter Include="Header Files">
      <UniqueIdentifier>{93995380-89BD-4b04-88EB-625FBE52EBFB}</UniqueIdentifier>
      <Extensions>h;hh;hpp;hxx;h++;hm;inl;inc;ipp;xsd</Extensions>
    </Filter>
    <Filter Include="Resource Files">
      <UniqueIdentifier>{67DA6AB6-F800-4c08-8B7A-83BB121AAD01}</UniqueIdentifier>
      <Extensions>rc;ico;cur;bmp;dlg;rc2;rct;bin;rgs;gif;jpg;jpeg;jpe;resx;tiff;tif;png;wav;mfcribbon-ms</Extensions>
    </Filter>
    <Filter Include="Source Files\Bot">
      <UniqueIdentifier>{4ad1494a-5c72-4cc2-bb0d-2c5acdd6971c}</UniqueIdentifier>
    </Filter>
    <Filter Include="Source Files\Bot\GeneratingShips">
      <UniqueIdentifier>{efc9b828-5b94-452c-8367-d33df554c7b4}</UniqueIdentifier>
    </Filter>
    <Filter Include="Source Files\Bot\Movement">
      <UniqueIdentifier>{11f88b8b-4600-4187-ba1d-0cfecc048352}</UniqueIdentifier>
    </Filter>
    <Filter Include="Source Files\Bot\PathFinding">
      <UniqueIdentifier>{0462eb6e-c1ce-48b9-9b83-698de2e12c60}</UniqueIdentifier>
    </Filter>
    <Filter Include="Source Files\Bot\MainBotFunction">
      <UniqueIdentifier>{7eaa33ea-6c81-47e7-a269-c20a3aba8276}</UniqueIdentifier>
    </Filter>
    <Filter Include="Source Files\Printing">
      <UniqueIdentifier>{c580894c-7176-4dc8-8571-b2b5e71cd75e}</UniqueIdentifier>
    </Filter>
    <Filter Include="Source Files\Bot\ShootingAtBot">
      <UniqueIdentifier>{f1f60099-cb97-41d9-9a8e-7cf0c4daf601}</UniqueIdentifier>
    </Filter>
    <Filter Include="Header Files\Common_.hpp">
      <UniqueIdentifier>{bb42055a-f5bf-40eb-acf2-c0c28dc1d690}</UniqueIdentifier>
    </Filter>
    <Filter Include="Source Files\Shooting">
      <UniqueIdentifier>{a178007d-3cf7-44e5-8ddb-53e42389a052}</UniqueIdentifier>
    </Filter>
    <Filter Include="Source Files\Player">
      <UniqueIdentifier>{ce1f9102-0280-4a56-9289-081d29c5c821}</UniqueIdentifier>
    </Filter>
    <Filter Include="Source Files\Player\PlayerMovement">
      <UniqueIdentifier>{53d0c93a-9b85-4f28-9cd0-4c34c5b209af}</UniqueIdentifier>
    </Filter>
    <Filter Include="Source Files\Bot\Movement\PathFindingProgression">
      <UniqueIdentifier>{4da3134e-b422-4b03-baf9-09d39e53a3ca}</UniqueIdentifier>
    </Filter>
    <Filter Include="Source Files\Player\PlayerGenerating">
      <UniqueIdentifier>{2074a0d0-7ecc-4969-8586-c2fc2e8c74dd}</UniqueIdentifier>
    </Filter>
  </ItemGroup>
  <ItemGroup>
    <ClCompile Include="GameBluePrint.cpp">
      <Filter>Source Files</Filter>
    </ClCompile>
  </ItemGroup>
  <ItemGroup>
    <ClInclude Include="Printing_Board.hpp">
      <Filter>Source Files\Printing</Filter>
    </ClInclude>
    <ClInclude Include="Gemerate4BlockShip.hpp">
      <Filter>Source Files\Bot\GeneratingShips</Filter>
    </ClInclude>
    <ClInclude Include="ValideteShipPosition.hpp">
      <Filter>Source Files\Bot\GeneratingShips</Filter>
    </ClInclude>
    <ClInclude Include="Enums.hpp">
      <Filter>Header Files\Common_.hpp</Filter>
    </ClInclude>
    <ClInclude Include="SettingEmptyArray.hpp">
      <Filter>Header Files\Common_.hpp</Filter>
    </ClInclude>
    <ClInclude Include="NextShipSegmentGenerator.hpp">
      <Filter>Source Files\Bot\GeneratingShips</Filter>
    </ClInclude>
    <ClInclude Include="GenerateNavigationsDots.hpp">
      <Filter>Source Files\Bot\GeneratingShips</Filter>
    </ClInclude>
    <ClInclude Include="PathFinding.hpp">
      <Filter>Source Files\Bot\PathFinding</Filter>
    </ClInclude>
    <ClInclude Include="PathFinding_SuccessorTwo.hpp">
      <Filter>Source Files\Bot\PathFinding</Filter>
    </ClInclude>
    <ClInclude Include="PathFinding_SuccessorThree.hpp">
      <Filter>Source Files\Bot\PathFinding</Filter>
    </ClInclude>
    <ClInclude Include="Generate3BlockShip.hpp">
      <Filter>Source Files\Bot\GeneratingShips</Filter>
    </ClInclude>
    <ClInclude Include="Generate2BlockShip.hpp">
      <Filter>Source Files\Bot\GeneratingShips</Filter>
    </ClInclude>
    <ClInclude Include="Generate1BlockShip.hpp">
      <Filter>Source Files\Bot\GeneratingShips</Filter>
    </ClInclude>
    <ClInclude Include="ShipGenerateClass.hpp">
      <Filter>Source Files\Bot\GeneratingShips</Filter>
    </ClInclude>
    <ClInclude Include="MainBotFunction.hpp">
      <Filter>Source Files\Bot\MainBotFunction</Filter>
    </ClInclude>
    <ClInclude Include="BotShootMovement.hpp">
      <Filter>Source Files\Bot\Movement</Filter>
    </ClInclude>
    <ClInclude Include="BotMainMovementClass.hpp">
      <Filter>Source Files\Bot\Movement</Filter>
    </ClInclude>
    <ClInclude Include="BotReceiveShoot.hpp">
      <Filter>Source Files\Bot\ShootingAtBot</Filter>
    </ClInclude>
    <ClInclude Include="ConvertPlayerInPutLocation.hpp">
      <Filter>Header Files\Common_.hpp</Filter>
    </ClInclude>
    <ClInclude Include="ValidatePlayerInPutLocation.hpp">
      <Filter>Header Files\Common_.hpp</Filter>
    </ClInclude>
    <ClInclude Include="Shooting.hpp">
      <Filter>Source Files\Shooting</Filter>
    </ClInclude>
    <ClInclude Include="PlayerShooting.hpp">
      <Filter>Source Files\Player\PlayerMovement</Filter>
    </ClInclude>
    <ClInclude Include="UpdatedPathFindingProgressionStart.hpp">
      <Filter>Source Files\Bot\Movement\PathFindingProgression</Filter>
    </ClInclude>
    <ClInclude Include="UpdatedPathFindingProgressionShootThree.hpp">
      <Filter>Source Files\Bot\Movement\PathFindingProgression</Filter>
    </ClInclude>
    <ClInclude Include="PlayerGeneratedArray.hpp">
      <Filter>Source Files\Player\PlayerGenerating</Filter>
    </ClInclude>
    <ClInclude Include="UpdatedPathFindingProgressionShootFour.hpp">
      <Filter>Source Files\Bot\Movement\PathFindingProgression</Filter>
    </ClInclude>
  </ItemGroup>
</Project>